// !$*UTF8*$!
{
	archiveVersion = 1;
	classes = {
	};
	objectVersion = 55;
	objects = {

/* Begin PBXBuildFile section */
		AACA1C7F27B9A97500219A44 /* Tests_iOS.swift in Sources */ = {isa = PBXBuildFile; fileRef = AACA1C7E27B9A97500219A44 /* Tests_iOS.swift */; };
		AACA1C8127B9A97500219A44 /* Tests_iOSLaunchTests.swift in Sources */ = {isa = PBXBuildFile; fileRef = AACA1C8027B9A97500219A44 /* Tests_iOSLaunchTests.swift */; };
		AACA1C8B27B9A97500219A44 /* Tests_macOS.swift in Sources */ = {isa = PBXBuildFile; fileRef = AACA1C8A27B9A97500219A44 /* Tests_macOS.swift */; };
		AACA1C8D27B9A97500219A44 /* Tests_macOSLaunchTests.swift in Sources */ = {isa = PBXBuildFile; fileRef = AACA1C8C27B9A97500219A44 /* Tests_macOSLaunchTests.swift */; };
		AACA1C8E27B9A97500219A44 /* mi_first_swift_proyectApp.swift in Sources */ = {isa = PBXBuildFile; fileRef = AACA1C6627B9A97400219A44 /* mi_first_swift_proyectApp.swift */; };
		AACA1C8F27B9A97500219A44 /* mi_first_swift_proyectApp.swift in Sources */ = {isa = PBXBuildFile; fileRef = AACA1C6627B9A97400219A44 /* mi_first_swift_proyectApp.swift */; };
		AACA1C9027B9A97500219A44 /* ContentView.swift in Sources */ = {isa = PBXBuildFile; fileRef = AACA1C6727B9A97400219A44 /* ContentView.swift */; };
		AACA1C9127B9A97500219A44 /* ContentView.swift in Sources */ = {isa = PBXBuildFile; fileRef = AACA1C6727B9A97400219A44 /* ContentView.swift */; };
		AACA1C9227B9A97500219A44 /* Assets.xcassets in Resources */ = {isa = PBXBuildFile; fileRef = AACA1C6827B9A97500219A44 /* Assets.xcassets */; };
		AACA1C9327B9A97500219A44 /* Assets.xcassets in Resources */ = {isa = PBXBuildFile; fileRef = AACA1C6827B9A97500219A44 /* Assets.xcassets */; };
		AACA1CA327B9AE3C00219A44 /* test.swift in Sources */ = {isa = PBXBuildFile; fileRef = AACA1CA227B9AE3C00219A44 /* test.swift */; };
		AACA1CA527B9D6D600219A44 /* Test.swift in Sources */ = {isa = PBXBuildFile; fileRef = AACA1CA427B9D6D600219A44 /* Test.swift */; };
/* End PBXBuildFile section */

/* Begin PBXContainerItemProxy section */
		AACA1C7B27B9A97500219A44 /* PBXContainerItemProxy */ = {
			isa = PBXContainerItemProxy;
			containerPortal = AACA1C6127B9A97400219A44 /* Project object */;
			proxyType = 1;
			remoteGlobalIDString = AACA1C6C27B9A97500219A44;
			remoteInfo = "mi-first-swift-proyect (iOS)";
		};
		AACA1C8727B9A97500219A44 /* PBXContainerItemProxy */ = {
			isa = PBXContainerItemProxy;
			containerPortal = AACA1C6127B9A97400219A44 /* Project object */;
			proxyType = 1;
			remoteGlobalIDString = AACA1C7227B9A97500219A44;
			remoteInfo = "mi-first-swift-proyect (macOS)";
		};
/* End PBXContainerItemProxy section */

/* Begin PBXFileReference section */
		AACA1C6627B9A97400219A44 /* mi_first_swift_proyectApp.swift */ = {isa = PBXFileReference; lastKnownFileType = sourcecode.swift; path = mi_first_swift_proyectApp.swift; sourceTree = "<group>"; };
		AACA1C6727B9A97400219A44 /* ContentView.swift */ = {isa = PBXFileReference; lastKnownFileType = sourcecode.swift; path = ContentView.swift; sourceTree = "<group>"; };
		AACA1C6827B9A97500219A44 /* Assets.xcassets */ = {isa = PBXFileReference; lastKnownFileType = folder.assetcatalog; path = Assets.xcassets; sourceTree = "<group>"; };
		AACA1C6D27B9A97500219A44 /* mi-first-swift-proyect.app */ = {isa = PBXFileReference; explicitFileType = wrapper.application; includeInIndex = 0; path = "mi-first-swift-proyect.app"; sourceTree = BUILT_PRODUCTS_DIR; };
		AACA1C7327B9A97500219A44 /* mi-first-swift-proyect.app */ = {isa = PBXFileReference; explicitFileType = wrapper.application; includeInIndex = 0; path = "mi-first-swift-proyect.app"; sourceTree = BUILT_PRODUCTS_DIR; };
		AACA1C7527B9A97500219A44 /* macOS.entitlements */ = {isa = PBXFileReference; lastKnownFileType = text.plist.entitlements; path = macOS.entitlements; sourceTree = "<group>"; };
		AACA1C7A27B9A97500219A44 /* Tests iOS.xctest */ = {isa = PBXFileReference; explicitFileType = wrapper.cfbundle; includeInIndex = 0; path = "Tests iOS.xctest"; sourceTree = BUILT_PRODUCTS_DIR; };
		AACA1C7E27B9A97500219A44 /* Tests_iOS.swift */ = {isa = PBXFileReference; lastKnownFileType = sourcecode.swift; path = Tests_iOS.swift; sourceTree = "<group>"; };
		AACA1C8027B9A97500219A44 /* Tests_iOSLaunchTests.swift */ = {isa = PBXFileReference; lastKnownFileType = sourcecode.swift; path = Tests_iOSLaunchTests.swift; sourceTree = "<group>"; };
		AACA1C8627B9A97500219A44 /* Tests macOS.xctest */ = {isa = PBXFileReference; explicitFileType = wrapper.cfbundle; includeInIndex = 0; path = "Tests macOS.xctest"; sourceTree = BUILT_PRODUCTS_DIR; };
		AACA1C8A27B9A97500219A44 /* Tests_macOS.swift */ = {isa = PBXFileReference; lastKnownFileType = sourcecode.swift; path = Tests_macOS.swift; sourceTree = "<group>"; };
		AACA1C8C27B9A97500219A44 /* Tests_macOSLaunchTests.swift */ = {isa = PBXFileReference; lastKnownFileType = sourcecode.swift; path = Tests_macOSLaunchTests.swift; sourceTree = "<group>"; };
		AACA1CA227B9AE3C00219A44 /* test.swift */ = {isa = PBXFileReference; lastKnownFileType = sourcecode.swift; path = test.swift; sourceTree = "<group>"; };
		AACA1CA427B9D6D600219A44 /* Test.swift */ = {isa = PBXFileReference; lastKnownFileType = sourcecode.swift; path = Test.swift; sourceTree = "<group>"; };
/* End PBXFileReference section */

/* Begin PBXFrameworksBuildPhase section */
		AACA1C6A27B9A97500219A44 /* Frameworks */ = {
			isa = PBXFrameworksBuildPhase;
			buildActionMask = 2147483647;
			files = (
			);
			runOnlyForDeploymentPostprocessing = 0;
		};
		AACA1C7027B9A97500219A44 /* Frameworks */ = {
			isa = PBXFrameworksBuildPhase;
			buildActionMask = 2147483647;
			files = (
			);
			runOnlyForDeploymentPostprocessing = 0;
		};
		AACA1C7727B9A97500219A44 /* Frameworks */ = {
			isa = PBXFrameworksBuildPhase;
			buildActionMask = 2147483647;
			files = (
			);
			runOnlyForDeploymentPostprocessing = 0;
		};
		AACA1C8327B9A97500219A44 /* Frameworks */ = {
			isa = PBXFrameworksBuildPhase;
			buildActionMask = 2147483647;
			files = (
			);
			runOnlyForDeploymentPostprocessing = 0;
		};
/* End PBXFrameworksBuildPhase section */

/* Begin PBXGroup section */
		AACA1C6027B9A97400219A44 = {
			isa = PBXGroup;
			children = (
				AACA1CA427B9D6D600219A44 /* Test.swift */,
				AACA1CA227B9AE3C00219A44 /* test.swift */,
				AACA1C6527B9A97400219A44 /* Shared */,
				AACA1C7427B9A97500219A44 /* macOS */,
				AACA1C7D27B9A97500219A44 /* Tests iOS */,
				AACA1C8927B9A97500219A44 /* Tests macOS */,
				AACA1C6E27B9A97500219A44 /* Products */,
			);
			sourceTree = "<group>";
		};
		AACA1C6527B9A97400219A44 /* Shared */ = {
			isa = PBXGroup;
			children = (
				AACA1C6627B9A97400219A44 /* mi_first_swift_proyectApp.swift */,
				AACA1C6727B9A97400219A44 /* ContentView.swift */,
				AACA1C6827B9A97500219A44 /* Assets.xcassets */,
			);
			path = Shared;
			sourceTree = "<group>";
		};
		AACA1C6E27B9A97500219A44 /* Products */ = {
			isa = PBXGroup;
			children = (
				AACA1C6D27B9A97500219A44 /* mi-first-swift-proyect.app */,
				AACA1C7327B9A97500219A44 /* mi-first-swift-proyect.app */,
				AACA1C7A27B9A97500219A44 /* Tests iOS.xctest */,
				AACA1C8627B9A97500219A44 /* Tests macOS.xctest */,
			);
			name = Products;
			sourceTree = "<group>";
		};
		AACA1C7427B9A97500219A44 /* macOS */ = {
			isa = PBXGroup;
			children = (
				AACA1C7527B9A97500219A44 /* macOS.entitlements */,
			);
			path = macOS;
			sourceTree = "<group>";
		};
		AACA1C7D27B9A97500219A44 /* Tests iOS */ = {
			isa = PBXGroup;
			children = (
				AACA1C7E27B9A97500219A44 /* Tests_iOS.swift */,
				AACA1C8027B9A97500219A44 /* Tests_iOSLaunchTests.swift */,
			);
			path = "Tests iOS";
			sourceTree = "<group>";
		};
		AACA1C8927B9A97500219A44 /* Tests macOS */ = {
			isa = PBXGroup;
			children = (
				AACA1C8A27B9A97500219A44 /* Tests_macOS.swift */,
				AACA1C8C27B9A97500219A44 /* Tests_macOSLaunchTests.swift */,
			);
			path = "Tests macOS";
			sourceTree = "<group>";
		};
/* End PBXGroup section */

/* Begin PBXNativeTarget section */
		AACA1C6C27B9A97500219A44 /* mi-first-swift-proyect (iOS) */ = {
			isa = PBXNativeTarget;
			buildConfigurationList = AACA1C9627B9A97500219A44 /* Build configuration list for PBXNativeTarget "mi-first-swift-proyect (iOS)" */;
			buildPhases = (
				AACA1C6927B9A97500219A44 /* Sources */,
				AACA1C6A27B9A97500219A44 /* Frameworks */,
				AACA1C6B27B9A97500219A44 /* Resources */,
			);
			buildRules = (
			);
			dependencies = (
			);
			name = "mi-first-swift-proyect (iOS)";
			productName = "mi-first-swift-proyect (iOS)";
			productReference = AACA1C6D27B9A97500219A44 /* mi-first-swift-proyect.app */;
			productType = "com.apple.product-type.application";
		};
		AACA1C7227B9A97500219A44 /* mi-first-swift-proyect (macOS) */ = {
			isa = PBXNativeTarget;
			buildConfigurationList = AACA1C9927B9A97500219A44 /* Build configuration list for PBXNativeTarget "mi-first-swift-proyect (macOS)" */;
			buildPhases = (
				AACA1C6F27B9A97500219A44 /* Sources */,
				AACA1C7027B9A97500219A44 /* Frameworks */,
				AACA1C7127B9A97500219A44 /* Resources */,
			);
			buildRules = (
			);
			dependencies = (
			);
			name = "mi-first-swift-proyect (macOS)";
			productName = "mi-first-swift-proyect (macOS)";
			productReference = AACA1C7327B9A97500219A44 /* mi-first-swift-proyect.app */;
			productType = "com.apple.product-type.application";
		};
		AACA1C7927B9A97500219A44 /* Tests iOS */ = {
			isa = PBXNativeTarget;
			buildConfigurationList = AACA1C9C27B9A97500219A44 /* Build configuration list for PBXNativeTarget "Tests iOS" */;
			buildPhases = (
				AACA1C7627B9A97500219A44 /* Sources */,
				AACA1C7727B9A97500219A44 /* Frameworks */,
				AACA1C7827B9A97500219A44 /* Resources */,
			);
			buildRules = (
			);
			dependencies = (
				AACA1C7C27B9A97500219A44 /* PBXTargetDependency */,
			);
			name = "Tests iOS";
			productName = "Tests iOS";
			productReference = AACA1C7A27B9A97500219A44 /* Tests iOS.xctest */;
			productType = "com.apple.product-type.bundle.ui-testing";
		};
		AACA1C8527B9A97500219A44 /* Tests macOS */ = {
			isa = PBXNativeTarget;
			buildConfigurationList = AACA1C9F27B9A97500219A44 /* Build configuration list for PBXNativeTarget "Tests macOS" */;
			buildPhases = (
				AACA1C8227B9A97500219A44 /* Sources */,
				AACA1C8327B9A97500219A44 /* Frameworks */,
				AACA1C8427B9A97500219A44 /* Resources */,
			);
			buildRules = (
			);
			dependencies = (
				AACA1C8827B9A97500219A44 /* PBXTargetDependency */,
			);
			name = "Tests macOS";
			productName = "Tests macOS";
			productReference = AACA1C8627B9A97500219A44 /* Tests macOS.xctest */;
			productType = "com.apple.product-type.bundle.ui-testing";
		};
/* End PBXNativeTarget section */

/* Begin PBXProject section */
		AACA1C6127B9A97400219A44 /* Project object */ = {
			isa = PBXProject;
			attributes = {
				BuildIndependentTargetsInParallel = 1;
				LastSwiftUpdateCheck = 1320;
				LastUpgradeCheck = 1320;
				TargetAttributes = {
					AACA1C6C27B9A97500219A44 = {
						CreatedOnToolsVersion = 13.2.1;
					};
					AACA1C7227B9A97500219A44 = {
						CreatedOnToolsVersion = 13.2.1;
					};
					AACA1C7927B9A97500219A44 = {
						CreatedOnToolsVersion = 13.2.1;
						TestTargetID = AACA1C6C27B9A97500219A44;
					};
					AACA1C8527B9A97500219A44 = {
						CreatedOnToolsVersion = 13.2.1;
						TestTargetID = AACA1C7227B9A97500219A44;
					};
				};
			};
			buildConfigurationList = AACA1C6427B9A97400219A44 /* Build configuration list for PBXProject "mi-first-swift-proyect" */;
			compatibilityVersion = "Xcode 13.0";
			developmentRegion = en;
			hasScannedForEncodings = 0;
			knownRegions = (
				en,
				Base,
			);
			mainGroup = AACA1C6027B9A97400219A44;
			productRefGroup = AACA1C6E27B9A97500219A44 /* Products */;
			projectDirPath = "";
			projectRoot = "";
			targets = (
				AACA1C6C27B9A97500219A44 /* mi-first-swift-proyect (iOS) */,
				AACA1C7227B9A97500219A44 /* mi-first-swift-proyect (macOS) */,
				AACA1C7927B9A97500219A44 /* Tests iOS */,
				AACA1C8527B9A97500219A44 /* Tests macOS */,
			);
		};
/* End PBXProject section */

/* Begin PBXResourcesBuildPhase section */
		AACA1C6B27B9A97500219A44 /* Resources */ = {
			isa = PBXResourcesBuildPhase;
			buildActionMask = 2147483647;
			files = (
				AACA1C9227B9A97500219A44 /* Assets.xcassets in Resources */,
			);
			runOnlyForDeploymentPostprocessing = 0;
		};
		AACA1C7127B9A97500219A44 /* Resources */ = {
			isa = PBXResourcesBuildPhase;
			buildActionMask = 2147483647;
			files = (
				AACA1C9327B9A97500219A44 /* Assets.xcassets in Resources */,
			);
			runOnlyForDeploymentPostprocessing = 0;
		};
		AACA1C7827B9A97500219A44 /* Resources */ = {
			isa = PBXResourcesBuildPhase;
			buildActionMask = 2147483647;
			files = (
			);
			runOnlyForDeploymentPostprocessing = 0;
		};
		AACA1C8427B9A97500219A44 /* Resources */ = {
			isa = PBXResourcesBuildPhase;
			buildActionMask = 2147483647;
			files = (
			);
			runOnlyForDeploymentPostprocessing = 0;
		};
/* End PBXResourcesBuildPhase section */

/* Begin PBXSourcesBuildPhase section */
		AACA1C6927B9A97500219A44 /* Sources */ = {
			isa = PBXSourcesBuildPhase;
			buildActionMask = 2147483647;
			files = (
				AACA1C9027B9A97500219A44 /* ContentView.swift in Sources */,
				AACA1CA527B9D6D600219A44 /* Test.swift in Sources */,
				AACA1CA327B9AE3C00219A44 /* test.swift in Sources */,
				AACA1C8E27B9A97500219A44 /* mi_first_swift_proyectApp.swift in Sources */,
			);
			runOnlyForDeploymentPostprocessing = 0;
		};
		AACA1C6F27B9A97500219A44 /* Sources */ = {
			isa = PBXSourcesBuildPhase;
			buildActionMask = 2147483647;
			files = (
				AACA1C9127B9A97500219A44 /* ContentView.swift in Sources */,
				AACA1C8F27B9A97500219A44 /* mi_first_swift_proyectApp.swift in Sources */,
			);
			runOnlyForDeploymentPostprocessing = 0;
		};
		AACA1C7627B9A97500219A44 /* Sources */ = {
			isa = PBXSourcesBuildPhase;
			buildActionMask = 2147483647;
			files = (
				AACA1C8127B9A97500219A44 /* Tests_iOSLaunchTests.swift in Sources */,
				AACA1C7F27B9A97500219A44 /* Tests_iOS.swift in Sources */,
			);
			runOnlyForDeploymentPostprocessing = 0;
		};
		AACA1C8227B9A97500219A44 /* Sources */ = {
			isa = PBXSourcesBuildPhase;
			buildActionMask = 2147483647;
			files = (
				AACA1C8D27B9A97500219A44 /* Tests_macOSLaunchTests.swift in Sources */,
				AACA1C8B27B9A97500219A44 /* Tests_macOS.swift in Sources */,
			);
			runOnlyForDeploymentPostprocessing = 0;
		};
/* End PBXSourcesBuildPhase section */

/* Begin PBXTargetDependency section */
		AACA1C7C27B9A97500219A44 /* PBXTargetDependency */ = {
			isa = PBXTargetDependency;
			target = AACA1C6C27B9A97500219A44 /* mi-first-swift-proyect (iOS) */;
			targetProxy = AACA1C7B27B9A97500219A44 /* PBXContainerItemProxy */;
		};
		AACA1C8827B9A97500219A44 /* PBXTargetDependency */ = {
			isa = PBXTargetDependency;
			target = AACA1C7227B9A97500219A44 /* mi-first-swift-proyect (macOS) */;
			targetProxy = AACA1C8727B9A97500219A44 /* PBXContainerItemProxy */;
		};
/* End PBXTargetDependency section */

/* Begin XCBuildConfiguration section */
		AACA1C9427B9A97500219A44 /* Debug */ = {
			isa = XCBuildConfiguration;
			buildSettings = {
				ALWAYS_SEARCH_USER_PATHS = NO;
				CLANG_ANALYZER_NONNULL = YES;
				CLANG_ANALYZER_NUMBER_OBJECT_CONVERSION = YES_AGGRESSIVE;
				CLANG_CXX_LANGUAGE_STANDARD = "gnu++17";
				CLANG_CXX_LIBRARY = "libc++";
				CLANG_ENABLE_MODULES = YES;
				CLANG_ENABLE_OBJC_ARC = YES;
				CLANG_ENABLE_OBJC_WEAK = YES;
				CLANG_WARN_BLOCK_CAPTURE_AUTORELEASING = YES;
				CLANG_WARN_BOOL_CONVERSION = YES;
				CLANG_WARN_COMMA = YES;
				CLANG_WARN_CONSTANT_CONVERSION = YES;
				CLANG_WARN_DEPRECATED_OBJC_IMPLEMENTATIONS = YES;
				CLANG_WARN_DIRECT_OBJC_ISA_USAGE = YES_ERROR;
				CLANG_WARN_DOCUMENTATION_COMMENTS = YES;
				CLANG_WARN_EMPTY_BODY = YES;
				CLANG_WARN_ENUM_CONVERSION = YES;
				CLANG_WARN_INFINITE_RECURSION = YES;
				CLANG_WARN_INT_CONVERSION = YES;
				CLANG_WARN_NON_LITERAL_NULL_CONVERSION = YES;
				CLANG_WARN_OBJC_IMPLICIT_RETAIN_SELF = YES;
				CLANG_WARN_OBJC_LITERAL_CONVERSION = YES;
				CLANG_WARN_OBJC_ROOT_CLASS = YES_ERROR;
				CLANG_WARN_QUOTED_INCLUDE_IN_FRAMEWORK_HEADER = YES;
				CLANG_WARN_RANGE_LOOP_ANALYSIS = YES;
				CLANG_WARN_STRICT_PROTOTYPES = YES;
				CLANG_WARN_SUSPICIOUS_MOVE = YES;
				CLANG_WARN_UNGUARDED_AVAILABILITY = YES_AGGRESSIVE;
				CLANG_WARN_UNREACHABLE_CODE = YES;
				CLANG_WARN__DUPLICATE_METHOD_MATCH = YES;
				COPY_PHASE_STRIP = NO;
				DEBUG_INFORMATION_FORMAT = dwarf;
				ENABLE_STRICT_OBJC_MSGSEND = YES;
				ENABLE_TESTABILITY = YES;
				GCC_C_LANGUAGE_STANDARD = gnu11;
				GCC_DYNAMIC_NO_PIC = NO;
				GCC_NO_COMMON_BLOCKS = YES;
				GCC_OPTIMIZATION_LEVEL = 0;
				GCC_PREPROCESSOR_DEFINITIONS = (
					"DEBUG=1",
					"$(inherited)",
				);
				GCC_WARN_64_TO_32_BIT_CONVERSION = YES;
				GCC_WARN_ABOUT_RETURN_TYPE = YES_ERROR;
				GCC_WARN_UNDECLARED_SELECTOR = YES;
				GCC_WARN_UNINITIALIZED_AUTOS = YES_AGGRESSIVE;
				GCC_WARN_UNUSED_FUNCTION = YES;
				GCC_WARN_UNUSED_VARIABLE = YES;
				MTL_ENABLE_DEBUG_INFO = INCLUDE_SOURCE;
				MTL_FAST_MATH = YES;
				ONLY_ACTIVE_ARCH = YES;
				SWIFT_ACTIVE_COMPILATION_CONDITIONS = DEBUG;
				SWIFT_OPTIMIZATION_LEVEL = "-Onone";
			};
			name = Debug;
		};
		AACA1C9527B9A97500219A44 /* Release */ = {
			isa = XCBuildConfiguration;
			buildSettings = {
				ALWAYS_SEARCH_USER_PATHS = NO;
				CLANG_ANALYZER_NONNULL = YES;
				CLANG_ANALYZER_NUMBER_OBJECT_CONVERSION = YES_AGGRESSIVE;
				CLANG_CXX_LANGUAGE_STANDARD = "gnu++17";
				CLANG_CXX_LIBRARY = "libc++";
				CLANG_ENABLE_MODULES = YES;
				CLANG_ENABLE_OBJC_ARC = YES;
				CLANG_ENABLE_OBJC_WEAK = YES;
				CLANG_WARN_BLOCK_CAPTURE_AUTORELEASING = YES;
				CLANG_WARN_BOOL_CONVERSION = YES;
				CLANG_WARN_COMMA = YES;
				CLANG_WARN_CONSTANT_CONVERSION = YES;
				CLANG_WARN_DEPRECATED_OBJC_IMPLEMENTATIONS = YES;
				CLANG_WARN_DIRECT_OBJC_ISA_USAGE = YES_ERROR;
				CLANG_WARN_DOCUMENTATION_COMMENTS = YES;
				CLANG_WARN_EMPTY_BODY = YES;
				CLANG_WARN_ENUM_CONVERSION = YES;
				CLANG_WARN_INFINITE_RECURSION = YES;
				CLANG_WARN_INT_CONVERSION = YES;
				CLANG_WARN_NON_LITERAL_NULL_CONVERSION = YES;
				CLANG_WARN_OBJC_IMPLICIT_RETAIN_SELF = YES;
				CLANG_WARN_OBJC_LITERAL_CONVERSION = YES;
				CLANG_WARN_OBJC_ROOT_CLASS = YES_ERROR;
				CLANG_WARN_QUOTED_INCLUDE_IN_FRAMEWORK_HEADER = YES;
				CLANG_WARN_RANGE_LOOP_ANALYSIS = YES;
				CLANG_WARN_STRICT_PROTOTYPES = YES;
				CLANG_WARN_SUSPICIOUS_MOVE = YES;
				CLANG_WARN_UNGUARDED_AVAILABILITY = YES_AGGRESSIVE;
				CLANG_WARN_UNREACHABLE_CODE = YES;
				CLANG_WARN__DUPLICATE_METHOD_MATCH = YES;
				COPY_PHASE_STRIP = NO;
				DEBUG_INFORMATION_FORMAT = "dwarf-with-dsym";
				ENABLE_NS_ASSERTIONS = NO;
				ENABLE_STRICT_OBJC_MSGSEND = YES;
				GCC_C_LANGUAGE_STANDARD = gnu11;
				GCC_NO_COMMON_BLOCKS = YES;
				GCC_WARN_64_TO_32_BIT_CONVERSION = YES;
				GCC_WARN_ABOUT_RETURN_TYPE = YES_ERROR;
				GCC_WARN_UNDECLARED_SELECTOR = YES;
				GCC_WARN_UNINITIALIZED_AUTOS = YES_AGGRESSIVE;
				GCC_WARN_UNUSED_FUNCTION = YES;
				GCC_WARN_UNUSED_VARIABLE = YES;
				MTL_ENABLE_DEBUG_INFO = NO;
				MTL_FAST_MATH = YES;
				SWIFT_COMPILATION_MODE = wholemodule;
				SWIFT_OPTIMIZATION_LEVEL = "-O";
			};
			name = Release;
		};
		AACA1C9727B9A97500219A44 /* Debug */ = {
			isa = XCBuildConfiguration;
			buildSettings = {
				ASSETCATALOG_COMPILER_APPICON_NAME = AppIcon;
				ASSETCATALOG_COMPILER_GLOBAL_ACCENT_COLOR_NAME = AccentColor;
				CODE_SIGN_STYLE = Automatic;
				CURRENT_PROJECT_VERSION = 1;
				ENABLE_PREVIEWS = YES;
				GENERATE_INFOPLIST_FILE = YES;
				INFOPLIST_KEY_UIApplicationSceneManifest_Generation = YES;
				INFOPLIST_KEY_UIApplicationSupportsIndirectInputEvents = YES;
				INFOPLIST_KEY_UILaunchScreen_Generation = YES;
				INFOPLIST_KEY_UISupportedInterfaceOrientations_iPad = "UIInterfaceOrientationPortrait UIInterfaceOrientationPortraitUpsideDown UIInterfaceOrientationLandscapeLeft UIInterfaceOrientationLandscapeRight";
				INFOPLIST_KEY_UISupportedInterfaceOrientations_iPhone = "UIInterfaceOrientationPortrait UIInterfaceOrientationLandscapeLeft UIInterfaceOrientationLandscapeRight";
				IPHONEOS_DEPLOYMENT_TARGET = 15.2;
				LD_RUNPATH_SEARCH_PATHS = (
					"$(inherited)",
					"@executable_path/Frameworks",
				);
				MARKETING_VERSION = 1.0;
				PRODUCT_BUNDLE_IDENTIFIER = "com.hebermudezg.mi-first-swift-proyect";
				PRODUCT_NAME = "mi-first-swift-proyect";
				SDKROOT = iphoneos;
				SWIFT_EMIT_LOC_STRINGS = YES;
				SWIFT_VERSION = 5.0;
				TARGETED_DEVICE_FAMILY = "1,2";
			};
			name = Debug;
		};
		AACA1C9827B9A97500219A44 /* Release */ = {
			isa = XCBuildConfiguration;
			buildSettings = {
				ASSETCATALOG_COMPILER_APPICON_NAME = AppIcon;
				ASSETCATALOG_COMPILER_GLOBAL_ACCENT_COLOR_NAME = AccentColor;
				CODE_SIGN_STYLE = Automatic;
				CURRENT_PROJECT_VERSION = 1;
				ENABLE_PREVIEWS = YES;
				GENERATE_INFOPLIST_FILE = YES;
				INFOPLIST_KEY_UIApplicationSceneManifest_Generation = YES;
				INFOPLIST_KEY_UIApplicationSupportsIndirectInputEvents = YES;
				INFOPLIST_KEY_UILaunchScreen_Generation = YES;
				INFOPLIST_KEY_UISupportedInterfaceOrientations_iPad = "UIInterfaceOrientationPortrait UIInterfaceOrientationPortraitUpsideDown UIInterfaceOrientationLandscapeLeft UIInterfaceOrientationLandscapeRight";
				INFOPLIST_KEY_UISupportedInterfaceOrientations_iPhone = "UIInterfaceOrientationPortrait UIInterfaceOrientationLandscapeLeft UIInterfaceOrientationLandscapeRight";
				IPHONEOS_DEPLOYMENT_TARGET = 15.2;
				LD_RUNPATH_SEARCH_PATHS = (
					"$(inherited)",
					"@executable_path/Frameworks",
				);
				MARKETING_VERSION = 1.0;
				PRODUCT_BUNDLE_IDENTIFIER = "com.hebermudezg.mi-first-swift-proyect";
				PRODUCT_NAME = "mi-first-swift-proyect";
				SDKROOT = iphoneos;
				SWIFT_EMIT_LOC_STRINGS = YES;
				SWIFT_VERSION = 5.0;
				TARGETED_DEVICE_FAMILY = "1,2";
				VALIDATE_PRODUCT = YES;
			};
			name = Release;
		};
		AACA1C9A27B9A97500219A44 /* Debug */ = {
			isa = XCBuildConfiguration;
			buildSettings = {
				ASSETCATALOG_COMPILER_APPICON_NAME = AppIcon;
				ASSETCATALOG_COMPILER_GLOBAL_ACCENT_COLOR_NAME = AccentColor;
				CODE_SIGN_ENTITLEMENTS = macOS/macOS.entitlements;
				CODE_SIGN_STYLE = Automatic;
				COMBINE_HIDPI_IMAGES = YES;
				CURRENT_PROJECT_VERSION = 1;
				ENABLE_PREVIEWS = YES;
				GENERATE_INFOPLIST_FILE = YES;
				INFOPLIST_KEY_NSHumanReadableCopyright = "";
				LD_RUNPATH_SEARCH_PATHS = (
					"$(inherited)",
					"@executable_path/../Frameworks",
				);
				MACOSX_DEPLOYMENT_TARGET = 12.1;
				MARKETING_VERSION = 1.0;
				PRODUCT_BUNDLE_IDENTIFIER = "com.hebermudezg.mi-first-swift-proyect";
				PRODUCT_NAME = "mi-first-swift-proyect";
				SDKROOT = macosx;
				SWIFT_EMIT_LOC_STRINGS = YES;
				SWIFT_VERSION = 5.0;
			};
			name = Debug;
		};
		AACA1C9B27B9A97500219A44 /* Release */ = {
			isa = XCBuildConfiguration;
			buildSettings = {
				ASSETCATALOG_COMPILER_APPICON_NAME = AppIcon;
				ASSETCATALOG_COMPILER_GLOBAL_ACCENT_COLOR_NAME = AccentColor;
				CODE_SIGN_ENTITLEMENTS = macOS/macOS.entitlements;
				CODE_SIGN_STYLE = Automatic;
				COMBINE_HIDPI_IMAGES = YES;
				CURRENT_PROJECT_VERSION = 1;
				ENABLE_PREVIEWS = YES;
				GENERATE_INFOPLIST_FILE = YES;
				INFOPLIST_KEY_NSHumanReadableCopyright = "";
				LD_RUNPATH_SEARCH_PATHS = (
					"$(inherited)",
					"@executable_path/../Frameworks",
				);
				MACOSX_DEPLOYMENT_TARGET = 12.1;
				MARKETING_VERSION = 1.0;
				PRODUCT_BUNDLE_IDENTIFIER = "com.hebermudezg.mi-first-swift-proyect";
				PRODUCT_NAME = "mi-first-swift-proyect";
				SDKROOT = macosx;
				SWIFT_EMIT_LOC_STRINGS = YES;
				SWIFT_VERSION = 5.0;
			};
			name = Release;
		};
		AACA1C9D27B9A97500219A44 /* Debug */ = {
			isa = XCBuildConfiguration;
			buildSettings = {
				ALWAYS_EMBED_SWIFT_STANDARD_LIBRARIES = YES;
				CODE_SIGN_STYLE = Automatic;
				CURRENT_PROJECT_VERSION = 1;
				GENERATE_INFOPLIST_FILE = YES;
				IPHONEOS_DEPLOYMENT_TARGET = 15.2;
				MARKETING_VERSION = 1.0;
				PRODUCT_BUNDLE_IDENTIFIER = "com.hebermudezg.Tests-iOS";
				PRODUCT_NAME = "$(TARGET_NAME)";
				SDKROOT = iphoneos;
				SWIFT_EMIT_LOC_STRINGS = NO;
				SWIFT_VERSION = 5.0;
				TARGETED_DEVICE_FAMILY = "1,2";
				TEST_TARGET_NAME = "mi-first-swift-proyect (iOS)";
			};
			name = Debug;
		};
		AACA1C9E27B9A97500219A44 /* Release */ = {
			isa = XCBuildConfiguration;
			buildSettings = {
				ALWAYS_EMBED_SWIFT_STANDARD_LIBRARIES = YES;
				CODE_SIGN_STYLE = Automatic;
				CURRENT_PROJECT_VERSION = 1;
				GENERATE_INFOPLIST_FILE = YES;
				IPHONEOS_DEPLOYMENT_TARGET = 15.2;
				MARKETING_VERSION = 1.0;
				PRODUCT_BUNDLE_IDENTIFIER = "com.hebermudezg.Tests-iOS";
				PRODUCT_NAME = "$(TARGET_NAME)";
				SDKROOT = iphoneos;
				SWIFT_EMIT_LOC_STRINGS = NO;
				SWIFT_VERSION = 5.0;
				TARGETED_DEVICE_FAMILY = "1,2";
				TEST_TARGET_NAME = "mi-first-swift-proyect (iOS)";
				VALIDATE_PRODUCT = YES;
			};
			name = Release;
		};
		AACA1CA027B9A97500219A44 /* Debug */ = {
			isa = XCBuildConfiguration;
			buildSettings = {
				ALWAYS_EMBED_SWIFT_STANDARD_LIBRARIES = YES;
				CODE_SIGN_STYLE = Automatic;
				CURRENT_PROJECT_VERSION = 1;
				GENERATE_INFOPLIST_FILE = YES;
				MACOSX_DEPLOYMENT_TARGET = 12.1;
				MARKETING_VERSION = 1.0;
				PRODUCT_BUNDLE_IDENTIFIER = "com.hebermudezg.Tests-macOS";
				PRODUCT_NAME = "$(TARGET_NAME)";
				SDKROOT = macosx;
				SWIFT_EMIT_LOC_STRINGS = NO;
				SWIFT_VERSION = 5.0;
				TEST_TARGET_NAME = "mi-first-swift-proyect (macOS)";
			};
			name = Debug;
		};
		AACA1CA127B9A97500219A44 /* Release */ = {
			isa = XCBuildConfiguration;
			buildSettings = {
				ALWAYS_EMBED_SWIFT_STANDARD_LIBRARIES = YES;
				CODE_SIGN_STYLE = Automatic;
				CURRENT_PROJECT_VERSION = 1;
				GENERATE_INFOPLIST_FILE = YES;
				MACOSX_DEPLOYMENT_TARGET = 12.1;
				MARKETING_VERSION = 1.0;
				PRODUCT_BUNDLE_IDENTIFIER = "com.hebermudezg.Tests-macOS";
				PRODUCT_NAME = "$(TARGET_NAME)";
				SDKROOT = macosx;
				SWIFT_EMIT_LOC_STRINGS = NO;
				SWIFT_VERSION = 5.0;
				TEST_TARGET_NAME = "mi-first-swift-proyect (macOS)";
			};
			name = Release;
		};
/* End XCBuildConfiguration section */

/* Begin XCConfigurationList section */
		AACA1C6427B9A97400219A44 /* Build configuration list for PBXProject "mi-first-swift-proyect" */ = {
			isa = XCConfigurationList;
			buildConfigurations = (
				AACA1C9427B9A97500219A44 /* Debug */,
				AACA1C9527B9A97500219A44 /* Release */,
			);
			defaultConfigurationIsVisible = 0;
			defaultConfigurationName = Release;
		};
		AACA1C9627B9A97500219A44 /* Build configuration list for PBXNativeTarget "mi-first-swift-proyect (iOS)" */ = {
			isa = XCConfigurationList;
			buildConfigurations = (
				AACA1C9727B9A97500219A44 /* Debug */,
				AACA1C9827B9A97500219A44 /* Release */,
			);
			defaultConfigurationIsVisible = 0;
			defaultConfigurationName = Release;
		};
		AACA1C9927B9A97500219A44 /* Build configuration list for PBXNativeTarget "mi-first-swift-proyect (macOS)" */ = {
			isa = XCConfigurationList;
			buildConfigurations = (
				AACA1C9A27B9A97500219A44 /* Debug */,
				AACA1C9B27B9A97500219A44 /* Release */,
			);
			defaultConfigurationIsVisible = 0;
			defaultConfigurationName = Release;
		};
		AACA1C9C27B9A97500219A44 /* Build configuration list for PBXNativeTarget "Tests iOS" */ = {
			isa = XCConfigurationList;
			buildConfigurations = (
				AACA1C9D27B9A97500219A44 /* Debug */,
				AACA1C9E27B9A97500219A44 /* Release */,
			);
			defaultConfigurationIsVisible = 0;
			defaultConfigurationName = Release;
		};
		AACA1C9F27B9A97500219A44 /* Build configuration list for PBXNativeTarget "Tests macOS" */ = {
			isa = XCConfigurationList;
			buildConfigurations = (
				AACA1CA027B9A97500219A44 /* Debug */,
				AACA1CA127B9A97500219A44 /* Release */,
			);
			defaultConfigurationIsVisible = 0;
			defaultConfigurationName = Release;
		};
/* End XCConfigurationList section */
	};
	rootObject = AACA1C6127B9A97400219A44 /* Project object */;
}
